
Microsoft Visual Studio Solution File, Format Version 12.00
# Visual Studio Version 17
VisualStudioVersion = 17.0.31912.275
MinimumVisualStudioVersion = 10.0.40219.1
Project("{FAE04EC0-301F-11D3-BF4B-00C04F79EFBC}") = "web 2", "web 2\web 2.csproj", "{55800EA2-B5A6-4862-AA74-97E4D4A3FC62}"
EndProject
Global
	GlobalSection(SolutionConfigurationPlatforms) = preSolution
		Debug|Any CPU = Debug|Any CPU
		Release|Any CPU = Release|Any CPU
	EndGlobalSection
	GlobalSection(ProjectConfigurationPlatforms) = postSolution
		{55800EA2-B5A6-4862-AA74-97E4D4A3FC62}.Debug|Any CPU.ActiveCfg = Debug|Any CPU
		{55800EA2-B5A6-4862-AA74-97E4D4A3FC62}.Debug|Any CPU.Build.0 = Debug|Any CPU
		{55800EA2-B5A6-4862-AA74-97E4D4A3FC62}.Release|Any CPU.ActiveCfg = Release|Any CPU
		{55800EA2-B5A6-4862-AA74-97E4D4A3FC62}.Release|Any CPU.Build.0 = Release|Any CPU
	EndGlobalSection
	GlobalSection(SolutionProperties) = preSolution
		HideSolutionNode = FALSE
	EndGlobalSection
	GlobalSection(ExtensibilityGlobals) = postSolution
		SolutionGuid = {724036EB-57BF-4B38-8EB3-13D53D970424}
	EndGlobalSection
EndGlobal
